
Microsoft Visual Studio Solution File, Format Version 12.00
# Visual Studio Version 16
VisualStudioVersion = 16.0.30225.117
MinimumVisualStudioVersion = 10.0.40219.1
Project("{9092AA53-FB77-4645-B42D-1CCCA6BD08BD}") = "Lab4", "Lab4.njsproj", "{A7B45EB5-2717-47DD-8737-33C2B5D41B0B}"
EndProject
Global
	GlobalSection(SolutionConfigurationPlatforms) = preSolution
		Debug|Any CPU = Debug|Any CPU
		Release|Any CPU = Release|Any CPU
	EndGlobalSection
	GlobalSection(ProjectConfigurationPlatforms) = postSolution
		{A7B45EB5-2717-47DD-8737-33C2B5D41B0B}.Debug|Any CPU.ActiveCfg = Debug|Any CPU
		{A7B45EB5-2717-47DD-8737-33C2B5D41B0B}.Debug|Any CPU.Build.0 = Debug|Any CPU
		{A7B45EB5-2717-47DD-8737-33C2B5D41B0B}.Release|Any CPU.ActiveCfg = Release|Any CPU
		{A7B45EB5-2717-47DD-8737-33C2B5D41B0B}.Release|Any CPU.Build.0 = Release|Any CPU
	EndGlobalSection
	GlobalSection(SolutionProperties) = preSolution
		HideSolutionNode = FALSE
	EndGlobalSection
	GlobalSection(ExtensibilityGlobals) = postSolution
		SolutionGuid = {65834810-EE7A-4B53-B056-16F426F610CD}
	EndGlobalSection
EndGlobal
